
Microsoft Visual Studio Solution File, Format Version 12.00
# Visual Studio Version 16
VisualStudioVersion = 16.0.30804.86
MinimumVisualStudioVersion = 10.0.40219.1
Project("{FAE04EC0-301F-11D3-BF4B-00C04F79EFBC}") = "JumpListReader", "JumpListReader\JumpListReader.csproj", "{5DA24793-691C-4604-BE5C-9BDEFE8DAA49}"
EndProject
Project("{FAE04EC0-301F-11D3-BF4B-00C04F79EFBC}") = "JumpListReader.Tests", "JumpListReader.Tests\JumpListReader.Tests.csproj", "{46D6269D-D13F-4CC6-A189-F812EDFE985A}"
EndProject
Global
	GlobalSection(SolutionConfigurationPlatforms) = preSolution
		Debug|Any CPU = Debug|Any CPU
		Release|Any CPU = Release|Any CPU
	EndGlobalSection
	GlobalSection(ProjectConfigurationPlatforms) = postSolution
		{5DA24793-691C-4604-BE5C-9BDEFE8DAA49}.Debug|Any CPU.ActiveCfg = Debug|Any CPU
		{5DA24793-691C-4604-BE5C-9BDEFE8DAA49}.Debug|Any CPU.Build.0 = Debug|Any CPU
		{5DA24793-691C-4604-BE5C-9BDEFE8DAA49}.Release|Any CPU.ActiveCfg = Release|Any CPU
		{5DA24793-691C-4604-BE5C-9BDEFE8DAA49}.Release|Any CPU.Build.0 = Release|Any CPU
		{46D6269D-D13F-4CC6-A189-F812EDFE985A}.Debug|Any CPU.ActiveCfg = Debug|Any CPU
		{46D6269D-D13F-4CC6-A189-F812EDFE985A}.Debug|Any CPU.Build.0 = Debug|Any CPU
		{46D6269D-D13F-4CC6-A189-F812EDFE985A}.Release|Any CPU.ActiveCfg = Release|Any CPU
		{46D6269D-D13F-4CC6-A189-F812EDFE985A}.Release|Any CPU.Build.0 = Release|Any CPU
	EndGlobalSection
	GlobalSection(SolutionProperties) = preSolution
		HideSolutionNode = FALSE
	EndGlobalSection
	GlobalSection(ExtensibilityGlobals) = postSolution
		SolutionGuid = {7D246199-65F1-4C12-AE52-5DD52AE588EE}
	EndGlobalSection
EndGlobal
